
Microsoft Visual Studio Solution File, Format Version 12.00
# Visual Studio 14
VisualStudioVersion = 14.0.25123.0
MinimumVisualStudioVersion = 10.0.40219.1
Project("{FAE04EC0-301F-11D3-BF4B-00C04F79EFBC}") = "OcularPlane", "OcularPlane\OcularPlane.csproj", "{8636D1CA-F1AE-4A41-8C52-DF9CBE75FA0D}"
EndProject
Project("{FAE04EC0-301F-11D3-BF4B-00C04F79EFBC}") = "OcularPlane.Tests", "OcularPlane.Tests\OcularPlane.Tests.csproj", "{A85CEE95-7571-4687-BB73-FB210547C5BC}"
EndProject
Project("{FAE04EC0-301F-11D3-BF4B-00C04F79EFBC}") = "OcularPlane.Networking.WcfTcp.Common", "OcularPlane.Networking.WcfTcp.Common\OcularPlane.Networking.WcfTcp.Common.csproj", "{1EBC938B-8945-40E3-AF27-6F0FAE03F293}"
EndProject
Project("{FAE04EC0-301F-11D3-BF4B-00C04F79EFBC}") = "OcularPlane.Networking.WcfTcp.Host", "OcularPlane.Networking.WcfTcp.Host\OcularPlane.Networking.WcfTcp.Host.csproj", "{BDFA496B-EE7B-4E89-A004-3703453B8F26}"
EndProject
Project("{FAE04EC0-301F-11D3-BF4B-00C04F79EFBC}") = "OcularPlane.Networking.WcfTcp.Client", "OcularPlane.Networking.WcfTcp.Client\OcularPlane.Networking.WcfTcp.Client.csproj", "{31B48268-6511-42A2-AEED-7CACCF1A6A0A}"
EndProject
Project("{FAE04EC0-301F-11D3-BF4B-00C04F79EFBC}") = "OcularPlane.Networking.TestHost", "OcularPlane.Networking.TestHost\OcularPlane.Networking.TestHost.csproj", "{27B1E06E-6A4C-4054-A688-8BB2F61444EF}"
EndProject
Project("{FAE04EC0-301F-11D3-BF4B-00C04F79EFBC}") = "OcularPlane.Networking.TestClient", "OcularPlane.Networking.TestClient\OcularPlane.Networking.TestClient.csproj", "{0CB27099-5B6A-4087-AB4A-CB56F7375192}"
EndProject
Project("{FAE04EC0-301F-11D3-BF4B-00C04F79EFBC}") = "OcularPlane.Models", "OcularPlane.Models\OcularPlane.Models.csproj", "{AA2B8EEB-F004-4832-A67E-1C6B8AB8636B}"
EndProject
Global
	GlobalSection(SolutionConfigurationPlatforms) = preSolution
		Debug|Any CPU = Debug|Any CPU
		Release|Any CPU = Release|Any CPU
	EndGlobalSection
	GlobalSection(ProjectConfigurationPlatforms) = postSolution
		{8636D1CA-F1AE-4A41-8C52-DF9CBE75FA0D}.Debug|Any CPU.ActiveCfg = Debug|Any CPU
		{8636D1CA-F1AE-4A41-8C52-DF9CBE75FA0D}.Debug|Any CPU.Build.0 = Debug|Any CPU
		{8636D1CA-F1AE-4A41-8C52-DF9CBE75FA0D}.Release|Any CPU.ActiveCfg = Release|Any CPU
		{8636D1CA-F1AE-4A41-8C52-DF9CBE75FA0D}.Release|Any CPU.Build.0 = Release|Any CPU
		{A85CEE95-7571-4687-BB73-FB210547C5BC}.Debug|Any CPU.ActiveCfg = Debug|Any CPU
		{A85CEE95-7571-4687-BB73-FB210547C5BC}.Debug|Any CPU.Build.0 = Debug|Any CPU
		{A85CEE95-7571-4687-BB73-FB210547C5BC}.Release|Any CPU.ActiveCfg = Release|Any CPU
		{A85CEE95-7571-4687-BB73-FB210547C5BC}.Release|Any CPU.Build.0 = Release|Any CPU
		{1EBC938B-8945-40E3-AF27-6F0FAE03F293}.Debug|Any CPU.ActiveCfg = Debug|Any CPU
		{1EBC938B-8945-40E3-AF27-6F0FAE03F293}.Debug|Any CPU.Build.0 = Debug|Any CPU
		{1EBC938B-8945-40E3-AF27-6F0FAE03F293}.Release|Any CPU.ActiveCfg = Release|Any CPU
		{1EBC938B-8945-40E3-AF27-6F0FAE03F293}.Release|Any CPU.Build.0 = Release|Any CPU
		{BDFA496B-EE7B-4E89-A004-3703453B8F26}.Debug|Any CPU.ActiveCfg = Debug|Any CPU
		{BDFA496B-EE7B-4E89-A004-3703453B8F26}.Debug|Any CPU.Build.0 = Debug|Any CPU
		{BDFA496B-EE7B-4E89-A004-3703453B8F26}.Release|Any CPU.ActiveCfg = Release|Any CPU
		{BDFA496B-EE7B-4E89-A004-3703453B8F26}.Release|Any CPU.Build.0 = Release|Any CPU
		{31B48268-6511-42A2-AEED-7CACCF1A6A0A}.Debug|Any CPU.ActiveCfg = Debug|Any CPU
		{31B48268-6511-42A2-AEED-7CACCF1A6A0A}.Debug|Any CPU.Build.0 = Debug|Any CPU
		{31B48268-6511-42A2-AEED-7CACCF1A6A0A}.Release|Any CPU.ActiveCfg = Release|Any CPU
		{31B48268-6511-42A2-AEED-7CACCF1A6A0A}.Release|Any CPU.Build.0 = Release|Any CPU
		{27B1E06E-6A4C-4054-A688-8BB2F61444EF}.Debug|Any CPU.ActiveCfg = Debug|Any CPU
		{27B1E06E-6A4C-4054-A688-8BB2F61444EF}.Debug|Any CPU.Build.0 = Debug|Any CPU
		{27B1E06E-6A4C-4054-A688-8BB2F61444EF}.Release|Any CPU.ActiveCfg = Release|Any CPU
		{27B1E06E-6A4C-4054-A688-8BB2F61444EF}.Release|Any CPU.Build.0 = Release|Any CPU
		{0CB27099-5B6A-4087-AB4A-CB56F7375192}.Debug|Any CPU.ActiveCfg = Debug|Any CPU
		{0CB27099-5B6A-4087-AB4A-CB56F7375192}.Debug|Any CPU.Build.0 = Debug|Any CPU
		{0CB27099-5B6A-4087-AB4A-CB56F7375192}.Release|Any CPU.ActiveCfg = Release|Any CPU
		{0CB27099-5B6A-4087-AB4A-CB56F7375192}.Release|Any CPU.Build.0 = Release|Any CPU
		{AA2B8EEB-F004-4832-A67E-1C6B8AB8636B}.Debug|Any CPU.ActiveCfg = Debug|Any CPU
		{AA2B8EEB-F004-4832-A67E-1C6B8AB8636B}.Debug|Any CPU.Build.0 = Debug|Any CPU
		{AA2B8EEB-F004-4832-A67E-1C6B8AB8636B}.Release|Any CPU.ActiveCfg = Release|Any CPU
		{AA2B8EEB-F004-4832-A67E-1C6B8AB8636B}.Release|Any CPU.Build.0 = Release|Any CPU
	EndGlobalSection
	GlobalSection(SolutionProperties) = preSolution
		HideSolutionNode = FALSE
	EndGlobalSection
EndGlobal
